// !$*UTF8*$!
{
	archiveVersion = 1;
	classes = {
	};
	objectVersion = 46;
	objects = {

/* Begin PBXBuildFile section */
		89DBAC151BFA6314000AB6D0 /* AppDelegate.swift in Sources */ = {isa = PBXBuildFile; fileRef = 89DBAC141BFA6314000AB6D0 /* AppDelegate.swift */; };
		89DBAC171BFA6314000AB6D0 /* ViewController.swift in Sources */ = {isa = PBXBuildFile; fileRef = 89DBAC161BFA6314000AB6D0 /* ViewController.swift */; };
		89DBAC1A1BFA6314000AB6D0 /* Main.storyboard in Resources */ = {isa = PBXBuildFile; fileRef = 89DBAC181BFA6314000AB6D0 /* Main.storyboard */; };
		89DBAC1C1BFA6314000AB6D0 /* Assets.xcassets in Resources */ = {isa = PBXBuildFile; fileRef = 89DBAC1B1BFA6314000AB6D0 /* Assets.xcassets */; };
		89DBAC1F1BFA6314000AB6D0 /* LaunchScreen.storyboard in Resources */ = {isa = PBXBuildFile; fileRef = 89DBAC1D1BFA6314000AB6D0 /* LaunchScreen.storyboard */; };
/* End PBXBuildFile section */

/* Begin PBXFileReference section */
		89DBAC111BFA6314000AB6D0 /* CalcIMC.app */ = {isa = PBXFileReference; explicitFileType = wrapper.application; includeInIndex = 0; path = CalcIMC.app; sourceTree = BUILT_PRODUCTS_DIR; };
		89DBAC141BFA6314000AB6D0 /* AppDelegate.swift */ = {isa = PBXFileReference; lastKnownFileType = sourcecode.swift; path = AppDelegate.swift; sourceTree = "<group>"; };
		89DBAC161BFA6314000AB6D0 /* ViewController.swift */ = {isa = PBXFileReference; lastKnownFileType = sourcecode.swift; path = ViewController.swift; sourceTree = "<group>"; };
		89DBAC191BFA6314000AB6D0 /* Base */ = {isa = PBXFileReference; lastKnownFileType = file.storyboard; name = Base; path = Base.lproj/Main.storyboard; sourceTree = "<group>"; };
		89DBAC1B1BFA6314000AB6D0 /* Assets.xcassets */ = {isa = PBXFileReference; lastKnownFileType = folder.assetcatalog; path = Assets.xcassets; sourceTree = "<group>"; };
		89DBAC1E1BFA6314000AB6D0 /* Base */ = {isa = PBXFileReference; lastKnownFileType = file.storyboard; name = Base; path = Base.lproj/LaunchScreen.storyboard; sourceTree = "<group>"; };
		89DBAC201BFA6314000AB6D0 /* Info.plist */ = {isa = PBXFileReference; lastKnownFileType = text.plist.xml; path = Info.plist; sourceTree = "<group>"; };
/* End PBXFileReference section */

/* Begin PBXFrameworksBuildPhase section */
		89DBAC0E1BFA6314000AB6D0 /* Frameworks */ = {
			isa = PBXFrameworksBuildPhase;
			buildActionMask = 2147483647;
			files = (
			);
			runOnlyForDeploymentPostprocessing = 0;
		};
/* End PBXFrameworksBuildPhase section */

/* Begin PBXGroup section */
		89DBAC081BFA6314000AB6D0 = {
			isa = PBXGroup;
			children = (
				89DBAC131BFA6314000AB6D0 /* CalcIMC */,
				89DBAC121BFA6314000AB6D0 /* Products */,
			);
			sourceTree = "<group>";
		};
		89DBAC121BFA6314000AB6D0 /* Products */ = {
			isa = PBXGroup;
			children = (
				89DBAC111BFA6314000AB6D0 /* CalcIMC.app */,
			);
			name = Products;
			sourceTree = "<group>";
		};
		89DBAC131BFA6314000AB6D0 /* CalcIMC */ = {
			isa = PBXGroup;
			children = (
				89DBAC141BFA6314000AB6D0 /* AppDelegate.swift */,
				89DBAC161BFA6314000AB6D0 /* ViewController.swift */,
				89DBAC181BFA6314000AB6D0 /* Main.storyboard */,
				89DBAC1B1BFA6314000AB6D0 /* Assets.xcassets */,
				89DBAC1D1BFA6314000AB6D0 /* LaunchScreen.storyboard */,
				89DBAC201BFA6314000AB6D0 /* Info.plist */,
			);
			path = CalcIMC;
			sourceTree = "<group>";
		};
/* End PBXGroup section */

/* Begin PBXNativeTarget section */
		89DBAC101BFA6314000AB6D0 /* CalcIMC */ = {
			isa = PBXNativeTarget;
			buildConfigurationList = 89DBAC231BFA6314000AB6D0 /* Build configuration list for PBXNativeTarget "CalcIMC" */;
			buildPhases = (
				89DBAC0D1BFA6314000AB6D0 /* Sources */,
				89DBAC0E1BFA6314000AB6D0 /* Frameworks */,
				89DBAC0F1BFA6314000AB6D0 /* Resources */,
			);
			buildRules = (
			);
			dependencies = (
			);
			name = CalcIMC;
			productName = CalcIMC;
			productReference = 89DBAC111BFA6314000AB6D0 /* CalcIMC.app */;
			productType = "com.apple.product-type.application";
		};
/* End PBXNativeTarget section */

/* Begin PBXProject section */
		89DBAC091BFA6314000AB6D0 /* Project object */ = {
			isa = PBXProject;
			attributes = {
				LastUpgradeCheck = 0700;
				ORGANIZATIONNAME = "José Enrique Atiénzar Ibáñez";
				TargetAttributes = {
					89DBAC101BFA6314000AB6D0 = {
						CreatedOnToolsVersion = 7.0.1;
						DevelopmentTeam = G943EXR24R;
					};
				};
			};
			buildConfigurationList = 89DBAC0C1BFA6314000AB6D0 /* Build configuration list for PBXProject "CalcIMC" */;
			compatibilityVersion = "Xcode 3.2";
			developmentRegion = English;
			hasScannedForEncodings = 0;
			knownRegions = (
				en,
				Base,
			);
			mainGroup = 89DBAC081BFA6314000AB6D0;
			productRefGroup = 89DBAC121BFA6314000AB6D0 /* Products */;
			projectDirPath = "";
			projectRoot = "";
			targets = (
				89DBAC101BFA6314000AB6D0 /* CalcIMC */,
			);
		};
/* End PBXProject section */

/* Begin PBXResourcesBuildPhase section */
		89DBAC0F1BFA6314000AB6D0 /* Resources */ = {
			isa = PBXResourcesBuildPhase;
			buildActionMask = 2147483647;
			files = (
				89DBAC1F1BFA6314000AB6D0 /* LaunchScreen.storyboard in Resources */,
				89DBAC1C1BFA6314000AB6D0 /* Assets.xcassets in Resources */,
				89DBAC1A1BFA6314000AB6D0 /* Main.storyboard in Resources */,
			);
			runOnlyForDeploymentPostprocessing = 0;
		};
/* End PBXResourcesBuildPhase section */

/* Begin PBXSourcesBuildPhase section */
		89DBAC0D1BFA6314000AB6D0 /* Sources */ = {
			isa = PBXSourcesBuildPhase;
			buildActionMask = 2147483647;
			files = (
				89DBAC171BFA6314000AB6D0 /* ViewController.swift in Sources */,
				89DBAC151BFA6314000AB6D0 /* AppDelegate.swift in Sources */,
			);
			runOnlyForDeploymentPostprocessing = 0;
		};
/* End PBXSourcesBuildPhase section */

/* Begin PBXVariantGroup section */
		89DBAC181BFA6314000AB6D0 /* Main.storyboard */ = {
			isa = PBXVariantGroup;
			children = (
				89DBAC191BFA6314000AB6D0 /* Base */,
			);
			name = Main.storyboard;
			sourceTree = "<group>";
		};
		89DBAC1D1BFA6314000AB6D0 /* LaunchScreen.storyboard */ = {
			isa = PBXVariantGroup;
			children = (
				89DBAC1E1BFA6314000AB6D0 /* Base */,
			);
			name = LaunchScreen.storyboard;
			sourceTree = "<group>";
		};
/* End PBXVariantGroup section */

/* Begin XCBuildConfiguration section */
		89DBAC211BFA6314000AB6D0 /* Debug */ = {
			isa = XCBuildConfiguration;
			buildSettings = {
				ALWAYS_SEARCH_USER_PATHS = NO;
				CLANG_CXX_LANGUAGE_STANDARD = "gnu++0x";
				CLANG_CXX_LIBRARY = "libc++";
				CLANG_ENABLE_MODULES = YES;
				CLANG_ENABLE_OBJC_ARC = YES;
				CLANG_WARN_BOOL_CONVERSION = YES;
				CLANG_WARN_CONSTANT_CONVERSION = YES;
				CLANG_WARN_DIRECT_OBJC_ISA_USAGE = YES_ERROR;
				CLANG_WARN_EMPTY_BODY = YES;
				CLANG_WARN_ENUM_CONVERSION = YES;
				CLANG_WARN_INT_CONVERSION = YES;
				CLANG_WARN_OBJC_ROOT_CLASS = YES_ERROR;
				CLANG_WARN_UNREACHABLE_CODE = YES;
				CLANG_WARN__DUPLICATE_METHOD_MATCH = YES;
				"CODE_SIGN_IDENTITY[sdk=iphoneos*]" = "iPhone Developer";
				COPY_PHASE_STRIP = NO;
				DEBUG_INFORMATION_FORMAT = dwarf;
				ENABLE_STRICT_OBJC_MSGSEND = YES;
				ENABLE_TESTABILITY = YES;
				GCC_C_LANGUAGE_STANDARD = gnu99;
				GCC_DYNAMIC_NO_PIC = NO;
				GCC_NO_COMMON_BLOCKS = YES;
				GCC_OPTIMIZATION_LEVEL = 0;
				GCC_PREPROCESSOR_DEFINITIONS = (
					"DEBUG=1",
					"$(inherited)",
				);
				GCC_WARN_64_TO_32_BIT_CONVERSION = YES;
				GCC_WARN_ABOUT_RETURN_TYPE = YES_ERROR;
				GCC_WARN_UNDECLARED_SELECTOR = YES;
				GCC_WARN_UNINITIALIZED_AUTOS = YES_AGGRESSIVE;
				GCC_WARN_UNUSED_FUNCTION = YES;
				GCC_WARN_UNUSED_VARIABLE = YES;
				IPHONEOS_DEPLOYMENT_TARGET = 9.0;
				MTL_ENABLE_DEBUG_INFO = YES;
				ONLY_ACTIVE_ARCH = YES;
				SDKROOT = iphoneos;
				SWIFT_OPTIMIZATION_LEVEL = "-Onone";
				TARGETED_DEVICE_FAMILY = "1,2";
			};
			name = Debug;
		};
		89DBAC221BFA6314000AB6D0 /* Release */ = {
			isa = XCBuildConfiguration;
			buildSettings = {
				ALWAYS_SEARCH_USER_PATHS = NO;
				CLANG_CXX_LANGUAGE_STANDARD = "gnu++0x";
				CLANG_CXX_LIBRARY = "libc++";
				CLANG_ENABLE_MODULES = YES;
				CLANG_ENABLE_OBJC_ARC = YES;
				CLANG_WARN_BOOL_CONVERSION = YES;
				CLANG_WARN_CONSTANT_CONVERSION = YES;
				CLANG_WARN_DIRECT_OBJC_ISA_USAGE = YES_ERROR;
				CLANG_WARN_EMPTY_BODY = YES;
				CLANG_WARN_ENUM_CONVERSION = YES;
				CLANG_WARN_INT_CONVERSION = YES;
				CLANG_WARN_OBJC_ROOT_CLASS = YES_ERROR;
				CLANG_WARN_UNREACHABLE_CODE = YES;
				CLANG_WARN__DUPLICATE_METHOD_MATCH = YES;
				"CODE_SIGN_IDENTITY[sdk=iphoneos*]" = "iPhone Developer";
				COPY_PHASE_STRIP = NO;
				DEBUG_INFORMATION_FORMAT = "dwarf-with-dsym";
				ENABLE_NS_ASSERTIONS = NO;
				ENABLE_STRICT_OBJC_MSGSEND = YES;
				GCC_C_LANGUAGE_STANDARD = gnu99;
				GCC_NO_COMMON_BLOCKS = YES;
				GCC_WARN_64_TO_32_BIT_CONVERSION = YES;
				GCC_WARN_ABOUT_RETURN_TYPE = YES_ERROR;
				GCC_WARN_UNDECLARED_SELECTOR = YES;
				GCC_WARN_UNINITIALIZED_AUTOS = YES_AGGRESSIVE;
				GCC_WARN_UNUSED_FUNCTION = YES;
				GCC_WARN_UNUSED_VARIABLE = YES;
				IPHONEOS_DEPLOYMENT_TARGET = 9.0;
				MTL_ENABLE_DEBUG_INFO = NO;
				SDKROOT = iphoneos;
				TARGETED_DEVICE_FAMILY = "1,2";
				VALIDATE_PRODUCT = YES;
			};
			name = Release;
		};
		89DBAC241BFA6314000AB6D0 /* Debug */ = {
			isa = XCBuildConfiguration;
			buildSettings = {
				ASSETCATALOG_COMPILER_APPICON_NAME = AppIcon;
				INFOPLIST_FILE = CalcIMC/Info.plist;
				LD_RUNPATH_SEARCH_PATHS = "$(inherited) @executable_path/Frameworks";
				PRODUCT_BUNDLE_IDENTIFIER = jeatienzar.CalcIMC;
				PRODUCT_NAME = "$(TARGET_NAME)";
			};
			name = Debug;
		};
		89DBAC251BFA6314000AB6D0 /* Release */ = {
			isa = XCBuildConfiguration;
			buildSettings = {
				ASSETCATALOG_COMPILER_APPICON_NAME = AppIcon;
				INFOPLIST_FILE = CalcIMC/Info.plist;
				LD_RUNPATH_SEARCH_PATHS = "$(inherited) @executable_path/Frameworks";
				PRODUCT_BUNDLE_IDENTIFIER = jeatienzar.CalcIMC;
				PRODUCT_NAME = "$(TARGET_NAME)";
			};
			name = Release;
		};
/* End XCBuildConfiguration section */

/* Begin XCConfigurationList section */
		89DBAC0C1BFA6314000AB6D0 /* Build configuration list for PBXProject "CalcIMC" */ = {
			isa = XCConfigurationList;
			buildConfigurations = (
				89DBAC211BFA6314000AB6D0 /* Debug */,
				89DBAC221BFA6314000AB6D0 /* Release */,
			);
			defaultConfigurationIsVisible = 0;
			defaultConfigurationName = Release;
		};
		89DBAC231BFA6314000AB6D0 /* Build configuration list for PBXNativeTarget "CalcIMC" */ = {
			isa = XCConfigurationList;
			buildConfigurations = (
				89DBAC241BFA6314000AB6D0 /* Debug */,
				89DBAC251BFA6314000AB6D0 /* Release */,
			);
			defaultConfigurationIsVisible = 0;
		};
/* End XCConfigurationList section */
	};
	rootObject = 89DBAC091BFA6314000AB6D0 /* Project object */;
}
